// !$*UTF8*$!
{
	archiveVersion = 1;
	classes = {
	};
	objectVersion = 50;
	objects = {

/* Begin PBXBuildFile section */
		D05FB6672341574F00B23C75 /* AppDelegate.swift in Sources */ = {isa = PBXBuildFile; fileRef = D05FB6662341574F00B23C75 /* AppDelegate.swift */; };
		D05FB6692341574F00B23C75 /* SceneDelegate.swift in Sources */ = {isa = PBXBuildFile; fileRef = D05FB6682341574F00B23C75 /* SceneDelegate.swift */; };
		D05FB66B2341574F00B23C75 /* LandmarkDetail.swift in Sources */ = {isa = PBXBuildFile; fileRef = D05FB66A2341574F00B23C75 /* LandmarkDetail.swift */; };
		D05FB66D2341575700B23C75 /* Assets.xcassets in Resources */ = {isa = PBXBuildFile; fileRef = D05FB66C2341575700B23C75 /* Assets.xcassets */; };
		D05FB6702341575700B23C75 /* Preview Assets.xcassets in Resources */ = {isa = PBXBuildFile; fileRef = D05FB66F2341575700B23C75 /* Preview Assets.xcassets */; };
		D05FB6732341575700B23C75 /* LaunchScreen.storyboard in Resources */ = {isa = PBXBuildFile; fileRef = D05FB6712341575700B23C75 /* LaunchScreen.storyboard */; };
		D05FB67B2341616B00B23C75 /* CircleImage.swift in Sources */ = {isa = PBXBuildFile; fileRef = D05FB67A2341616B00B23C75 /* CircleImage.swift */; };
		D0ED989E234166010016CD2B /* MapView.swift in Sources */ = {isa = PBXBuildFile; fileRef = D0ED989D234166010016CD2B /* MapView.swift */; };
		D0ED98A123417B4E0016CD2B /* Data.swift in Sources */ = {isa = PBXBuildFile; fileRef = D0ED98A023417B4E0016CD2B /* Data.swift */; };
		D0ED98A323417B630016CD2B /* Landmark.swift in Sources */ = {isa = PBXBuildFile; fileRef = D0ED98A223417B630016CD2B /* Landmark.swift */; };
		D0ED98B223417BB70016CD2B /* landmarkData.json in Resources */ = {isa = PBXBuildFile; fileRef = D0ED98A523417BB60016CD2B /* landmarkData.json */; };
		D0ED98B323417BB70016CD2B /* hiddenlake.jpg in Resources */ = {isa = PBXBuildFile; fileRef = D0ED98A623417BB60016CD2B /* hiddenlake.jpg */; };
		D0ED98B423417BB70016CD2B /* stmarylake.jpg in Resources */ = {isa = PBXBuildFile; fileRef = D0ED98A723417BB60016CD2B /* stmarylake.jpg */; };
		D0ED98B523417BB70016CD2B /* chilkoottrail.jpg in Resources */ = {isa = PBXBuildFile; fileRef = D0ED98A823417BB60016CD2B /* chilkoottrail.jpg */; };
		D0ED98B623417BB70016CD2B /* umbagog.jpg in Resources */ = {isa = PBXBuildFile; fileRef = D0ED98A923417BB60016CD2B /* umbagog.jpg */; };
		D0ED98B723417BB70016CD2B /* silversalmoncreek.jpg in Resources */ = {isa = PBXBuildFile; fileRef = D0ED98AA23417BB60016CD2B /* silversalmoncreek.jpg */; };
		D0ED98B823417BB70016CD2B /* yukon_charleyrivers.jpg in Resources */ = {isa = PBXBuildFile; fileRef = D0ED98AB23417BB60016CD2B /* yukon_charleyrivers.jpg */; };
		D0ED98B923417BB70016CD2B /* icybay.jpg in Resources */ = {isa = PBXBuildFile; fileRef = D0ED98AC23417BB60016CD2B /* icybay.jpg */; };
		D0ED98BA23417BB70016CD2B /* turtlerock.jpg in Resources */ = {isa = PBXBuildFile; fileRef = D0ED98AD23417BB60016CD2B /* turtlerock.jpg */; };
		D0ED98BB23417BB70016CD2B /* chincoteague.jpg in Resources */ = {isa = PBXBuildFile; fileRef = D0ED98AE23417BB70016CD2B /* chincoteague.jpg */; };
		D0ED98BC23417BB70016CD2B /* lakemcdonald.jpg in Resources */ = {isa = PBXBuildFile; fileRef = D0ED98AF23417BB70016CD2B /* lakemcdonald.jpg */; };
		D0ED98BD23417BB70016CD2B /* twinlake.jpg in Resources */ = {isa = PBXBuildFile; fileRef = D0ED98B023417BB70016CD2B /* twinlake.jpg */; };
		D0ED98BE23417BB70016CD2B /* rainbowlake.jpg in Resources */ = {isa = PBXBuildFile; fileRef = D0ED98B123417BB70016CD2B /* rainbowlake.jpg */; };
		D0ED98C023417F480016CD2B /* LandmarkRow.swift in Sources */ = {isa = PBXBuildFile; fileRef = D0ED98BF23417F480016CD2B /* LandmarkRow.swift */; };
		D0ED98C2234193500016CD2B /* LandmarkList.swift in Sources */ = {isa = PBXBuildFile; fileRef = D0ED98C1234193500016CD2B /* LandmarkList.swift */; };
/* End PBXBuildFile section */

/* Begin PBXFileReference section */
		D05FB6632341574F00B23C75 /* Landmarks.app */ = {isa = PBXFileReference; explicitFileType = wrapper.application; includeInIndex = 0; path = Landmarks.app; sourceTree = BUILT_PRODUCTS_DIR; };
		D05FB6662341574F00B23C75 /* AppDelegate.swift */ = {isa = PBXFileReference; lastKnownFileType = sourcecode.swift; path = AppDelegate.swift; sourceTree = "<group>"; };
		D05FB6682341574F00B23C75 /* SceneDelegate.swift */ = {isa = PBXFileReference; lastKnownFileType = sourcecode.swift; path = SceneDelegate.swift; sourceTree = "<group>"; };
		D05FB66A2341574F00B23C75 /* LandmarkDetail.swift */ = {isa = PBXFileReference; lastKnownFileType = sourcecode.swift; path = LandmarkDetail.swift; sourceTree = "<group>"; };
		D05FB66C2341575700B23C75 /* Assets.xcassets */ = {isa = PBXFileReference; lastKnownFileType = folder.assetcatalog; path = Assets.xcassets; sourceTree = "<group>"; };
		D05FB66F2341575700B23C75 /* Preview Assets.xcassets */ = {isa = PBXFileReference; lastKnownFileType = folder.assetcatalog; path = "Preview Assets.xcassets"; sourceTree = "<group>"; };
		D05FB6722341575700B23C75 /* Base */ = {isa = PBXFileReference; lastKnownFileType = file.storyboard; name = Base; path = Base.lproj/LaunchScreen.storyboard; sourceTree = "<group>"; };
		D05FB6742341575700B23C75 /* Info.plist */ = {isa = PBXFileReference; lastKnownFileType = text.plist.xml; path = Info.plist; sourceTree = "<group>"; };
		D05FB67A2341616B00B23C75 /* CircleImage.swift */ = {isa = PBXFileReference; lastKnownFileType = sourcecode.swift; path = CircleImage.swift; sourceTree = "<group>"; };
		D0ED989D234166010016CD2B /* MapView.swift */ = {isa = PBXFileReference; lastKnownFileType = sourcecode.swift; path = MapView.swift; sourceTree = "<group>"; };
		D0ED98A023417B4E0016CD2B /* Data.swift */ = {isa = PBXFileReference; fileEncoding = 4; lastKnownFileType = sourcecode.swift; path = Data.swift; sourceTree = "<group>"; };
		D0ED98A223417B630016CD2B /* Landmark.swift */ = {isa = PBXFileReference; fileEncoding = 4; lastKnownFileType = sourcecode.swift; path = Landmark.swift; sourceTree = "<group>"; };
		D0ED98A523417BB60016CD2B /* landmarkData.json */ = {isa = PBXFileReference; fileEncoding = 4; lastKnownFileType = text.json; path = landmarkData.json; sourceTree = "<group>"; };
		D0ED98A623417BB60016CD2B /* hiddenlake.jpg */ = {isa = PBXFileReference; lastKnownFileType = image.jpeg; path = hiddenlake.jpg; sourceTree = "<group>"; };
		D0ED98A723417BB60016CD2B /* stmarylake.jpg */ = {isa = PBXFileReference; lastKnownFileType = image.jpeg; path = stmarylake.jpg; sourceTree = "<group>"; };
		D0ED98A823417BB60016CD2B /* chilkoottrail.jpg */ = {isa = PBXFileReference; lastKnownFileType = image.jpeg; path = chilkoottrail.jpg; sourceTree = "<group>"; };
		D0ED98A923417BB60016CD2B /* umbagog.jpg */ = {isa = PBXFileReference; lastKnownFileType = image.jpeg; path = umbagog.jpg; sourceTree = "<group>"; };
		D0ED98AA23417BB60016CD2B /* silversalmoncreek.jpg */ = {isa = PBXFileReference; lastKnownFileType = image.jpeg; path = silversalmoncreek.jpg; sourceTree = "<group>"; };
		D0ED98AB23417BB60016CD2B /* yukon_charleyrivers.jpg */ = {isa = PBXFileReference; lastKnownFileType = image.jpeg; path = yukon_charleyrivers.jpg; sourceTree = "<group>"; };
		D0ED98AC23417BB60016CD2B /* icybay.jpg */ = {isa = PBXFileReference; lastKnownFileType = image.jpeg; path = icybay.jpg; sourceTree = "<group>"; };
		D0ED98AD23417BB60016CD2B /* turtlerock.jpg */ = {isa = PBXFileReference; lastKnownFileType = image.jpeg; path = turtlerock.jpg; sourceTree = "<group>"; };
		D0ED98AE23417BB70016CD2B /* chincoteague.jpg */ = {isa = PBXFileReference; lastKnownFileType = image.jpeg; path = chincoteague.jpg; sourceTree = "<group>"; };
		D0ED98AF23417BB70016CD2B /* lakemcdonald.jpg */ = {isa = PBXFileReference; lastKnownFileType = image.jpeg; path = lakemcdonald.jpg; sourceTree = "<group>"; };
		D0ED98B023417BB70016CD2B /* twinlake.jpg */ = {isa = PBXFileReference; lastKnownFileType = image.jpeg; path = twinlake.jpg; sourceTree = "<group>"; };
		D0ED98B123417BB70016CD2B /* rainbowlake.jpg */ = {isa = PBXFileReference; lastKnownFileType = image.jpeg; path = rainbowlake.jpg; sourceTree = "<group>"; };
		D0ED98BF23417F480016CD2B /* LandmarkRow.swift */ = {isa = PBXFileReference; lastKnownFileType = sourcecode.swift; path = LandmarkRow.swift; sourceTree = "<group>"; };
		D0ED98C1234193500016CD2B /* LandmarkList.swift */ = {isa = PBXFileReference; lastKnownFileType = sourcecode.swift; path = LandmarkList.swift; sourceTree = "<group>"; };
/* End PBXFileReference section */

/* Begin PBXFrameworksBuildPhase section */
		D05FB6602341574F00B23C75 /* Frameworks */ = {
			isa = PBXFrameworksBuildPhase;
			buildActionMask = 2147483647;
			files = (
			);
			runOnlyForDeploymentPostprocessing = 0;
		};
/* End PBXFrameworksBuildPhase section */

/* Begin PBXGroup section */
		D05FB65A2341574F00B23C75 = {
			isa = PBXGroup;
			children = (
				D05FB6652341574F00B23C75 /* Landmarks */,
				D05FB6642341574F00B23C75 /* Products */,
			);
			sourceTree = "<group>";
		};
		D05FB6642341574F00B23C75 /* Products */ = {
			isa = PBXGroup;
			children = (
				D05FB6632341574F00B23C75 /* Landmarks.app */,
			);
			name = Products;
			sourceTree = "<group>";
		};
		D05FB6652341574F00B23C75 /* Landmarks */ = {
			isa = PBXGroup;
			children = (
				D0ED98A423417B980016CD2B /* Resources */,
				D0ED989F23417B0B0016CD2B /* Models */,
				D05FB6662341574F00B23C75 /* AppDelegate.swift */,
				D05FB6682341574F00B23C75 /* SceneDelegate.swift */,
				D05FB66A2341574F00B23C75 /* LandmarkDetail.swift */,
				D0ED98BF23417F480016CD2B /* LandmarkRow.swift */,
				D0ED98C1234193500016CD2B /* LandmarkList.swift */,
				D05FB67A2341616B00B23C75 /* CircleImage.swift */,
				D0ED989D234166010016CD2B /* MapView.swift */,
				D05FB66C2341575700B23C75 /* Assets.xcassets */,
				D05FB6712341575700B23C75 /* LaunchScreen.storyboard */,
				D05FB6742341575700B23C75 /* Info.plist */,
				D05FB66E2341575700B23C75 /* Preview Content */,
			);
			path = Landmarks;
			sourceTree = "<group>";
		};
		D05FB66E2341575700B23C75 /* Preview Content */ = {
			isa = PBXGroup;
			children = (
				D05FB66F2341575700B23C75 /* Preview Assets.xcassets */,
			);
			path = "Preview Content";
			sourceTree = "<group>";
		};
		D0ED989F23417B0B0016CD2B /* Models */ = {
			isa = PBXGroup;
			children = (
				D0ED98A223417B630016CD2B /* Landmark.swift */,
				D0ED98A023417B4E0016CD2B /* Data.swift */,
			);
			path = Models;
			sourceTree = "<group>";
		};
		D0ED98A423417B980016CD2B /* Resources */ = {
			isa = PBXGroup;
			children = (
				D0ED98A823417BB60016CD2B /* chilkoottrail.jpg */,
				D0ED98AE23417BB70016CD2B /* chincoteague.jpg */,
				D0ED98A623417BB60016CD2B /* hiddenlake.jpg */,
				D0ED98AC23417BB60016CD2B /* icybay.jpg */,
				D0ED98AF23417BB70016CD2B /* lakemcdonald.jpg */,
				D0ED98A523417BB60016CD2B /* landmarkData.json */,
				D0ED98B123417BB70016CD2B /* rainbowlake.jpg */,
				D0ED98AA23417BB60016CD2B /* silversalmoncreek.jpg */,
				D0ED98A723417BB60016CD2B /* stmarylake.jpg */,
				D0ED98AD23417BB60016CD2B /* turtlerock.jpg */,
				D0ED98B023417BB70016CD2B /* twinlake.jpg */,
				D0ED98A923417BB60016CD2B /* umbagog.jpg */,
				D0ED98AB23417BB60016CD2B /* yukon_charleyrivers.jpg */,
			);
			path = Resources;
			sourceTree = "<group>";
		};
/* End PBXGroup section */

/* Begin PBXNativeTarget section */
		D05FB6622341574F00B23C75 /* Landmarks */ = {
			isa = PBXNativeTarget;
			buildConfigurationList = D05FB6772341575700B23C75 /* Build configuration list for PBXNativeTarget "Landmarks" */;
			buildPhases = (
				D05FB65F2341574F00B23C75 /* Sources */,
				D05FB6602341574F00B23C75 /* Frameworks */,
				D05FB6612341574F00B23C75 /* Resources */,
			);
			buildRules = (
			);
			dependencies = (
			);
			name = Landmarks;
			productName = Landmarks;
			productReference = D05FB6632341574F00B23C75 /* Landmarks.app */;
			productType = "com.apple.product-type.application";
		};
/* End PBXNativeTarget section */

/* Begin PBXProject section */
		D05FB65B2341574F00B23C75 /* Project object */ = {
			isa = PBXProject;
			attributes = {
				LastSwiftUpdateCheck = 1100;
				LastUpgradeCheck = 1100;
				ORGANIZATIONNAME = "Alphonso Sensley II";
				TargetAttributes = {
					D05FB6622341574F00B23C75 = {
						CreatedOnToolsVersion = 11.0;
					};
				};
			};
			buildConfigurationList = D05FB65E2341574F00B23C75 /* Build configuration list for PBXProject "Landmarks" */;
			compatibilityVersion = "Xcode 9.3";
			developmentRegion = en;
			hasScannedForEncodings = 0;
			knownRegions = (
				en,
				Base,
			);
			mainGroup = D05FB65A2341574F00B23C75;
			productRefGroup = D05FB6642341574F00B23C75 /* Products */;
			projectDirPath = "";
			projectRoot = "";
			targets = (
				D05FB6622341574F00B23C75 /* Landmarks */,
			);
		};
/* End PBXProject section */

/* Begin PBXResourcesBuildPhase section */
		D05FB6612341574F00B23C75 /* Resources */ = {
			isa = PBXResourcesBuildPhase;
			buildActionMask = 2147483647;
			files = (
				D0ED98BC23417BB70016CD2B /* lakemcdonald.jpg in Resources */,
				D0ED98B423417BB70016CD2B /* stmarylake.jpg in Resources */,
				D05FB6732341575700B23C75 /* LaunchScreen.storyboard in Resources */,
				D0ED98B523417BB70016CD2B /* chilkoottrail.jpg in Resources */,
				D0ED98B723417BB70016CD2B /* silversalmoncreek.jpg in Resources */,
				D0ED98B923417BB70016CD2B /* icybay.jpg in Resources */,
				D0ED98BD23417BB70016CD2B /* twinlake.jpg in Resources */,
				D0ED98BB23417BB70016CD2B /* chincoteague.jpg in Resources */,
				D0ED98B823417BB70016CD2B /* yukon_charleyrivers.jpg in Resources */,
				D0ED98B223417BB70016CD2B /* landmarkData.json in Resources */,
				D0ED98B623417BB70016CD2B /* umbagog.jpg in Resources */,
				D0ED98BA23417BB70016CD2B /* turtlerock.jpg in Resources */,
				D05FB6702341575700B23C75 /* Preview Assets.xcassets in Resources */,
				D0ED98BE23417BB70016CD2B /* rainbowlake.jpg in Resources */,
				D0ED98B323417BB70016CD2B /* hiddenlake.jpg in Resources */,
				D05FB66D2341575700B23C75 /* Assets.xcassets in Resources */,
			);
			runOnlyForDeploymentPostprocessing = 0;
		};
/* End PBXResourcesBuildPhase section */

/* Begin PBXSourcesBuildPhase section */
		D05FB65F2341574F00B23C75 /* Sources */ = {
			isa = PBXSourcesBuildPhase;
			buildActionMask = 2147483647;
			files = (
				D0ED98A323417B630016CD2B /* Landmark.swift in Sources */,
				D05FB6672341574F00B23C75 /* AppDelegate.swift in Sources */,
				D0ED98A123417B4E0016CD2B /* Data.swift in Sources */,
				D05FB67B2341616B00B23C75 /* CircleImage.swift in Sources */,
				D0ED98C2234193500016CD2B /* LandmarkList.swift in Sources */,
				D0ED989E234166010016CD2B /* MapView.swift in Sources */,
				D05FB6692341574F00B23C75 /* SceneDelegate.swift in Sources */,
				D0ED98C023417F480016CD2B /* LandmarkRow.swift in Sources */,
				D05FB66B2341574F00B23C75 /* LandmarkDetail.swift in Sources */,
			);
			runOnlyForDeploymentPostprocessing = 0;
		};
/* End PBXSourcesBuildPhase section */

/* Begin PBXVariantGroup section */
		D05FB6712341575700B23C75 /* LaunchScreen.storyboard */ = {
			isa = PBXVariantGroup;
			children = (
				D05FB6722341575700B23C75 /* Base */,
			);
			name = LaunchScreen.storyboard;
			sourceTree = "<group>";
		};
/* End PBXVariantGroup section */

/* Begin XCBuildConfiguration section */
		D05FB6752341575700B23C75 /* Debug */ = {
			isa = XCBuildConfiguration;
			buildSettings = {
				ALWAYS_SEARCH_USER_PATHS = NO;
				CLANG_ANALYZER_NONNULL = YES;
				CLANG_ANALYZER_NUMBER_OBJECT_CONVERSION = YES_AGGRESSIVE;
				CLANG_CXX_LANGUAGE_STANDARD = "gnu++14";
				CLANG_CXX_LIBRARY = "libc++";
				CLANG_ENABLE_MODULES = YES;
				CLANG_ENABLE_OBJC_ARC = YES;
				CLANG_ENABLE_OBJC_WEAK = YES;
				CLANG_WARN_BLOCK_CAPTURE_AUTORELEASING = YES;
				CLANG_WARN_BOOL_CONVERSION = YES;
				CLANG_WARN_COMMA = YES;
				CLANG_WARN_CONSTANT_CONVERSION = YES;
				CLANG_WARN_DEPRECATED_OBJC_IMPLEMENTATIONS = YES;
				CLANG_WARN_DIRECT_OBJC_ISA_USAGE = YES_ERROR;
				CLANG_WARN_DOCUMENTATION_COMMENTS = YES;
				CLANG_WARN_EMPTY_BODY = YES;
				CLANG_WARN_ENUM_CONVERSION = YES;
				CLANG_WARN_INFINITE_RECURSION = YES;
				CLANG_WARN_INT_CONVERSION = YES;
				CLANG_WARN_NON_LITERAL_NULL_CONVERSION = YES;
				CLANG_WARN_OBJC_IMPLICIT_RETAIN_SELF = YES;
				CLANG_WARN_OBJC_LITERAL_CONVERSION = YES;
				CLANG_WARN_OBJC_ROOT_CLASS = YES_ERROR;
				CLANG_WARN_RANGE_LOOP_ANALYSIS = YES;
				CLANG_WARN_STRICT_PROTOTYPES = YES;
				CLANG_WARN_SUSPICIOUS_MOVE = YES;
				CLANG_WARN_UNGUARDED_AVAILABILITY = YES_AGGRESSIVE;
				CLANG_WARN_UNREACHABLE_CODE = YES;
				CLANG_WARN__DUPLICATE_METHOD_MATCH = YES;
				COPY_PHASE_STRIP = NO;
				DEBUG_INFORMATION_FORMAT = dwarf;
				ENABLE_STRICT_OBJC_MSGSEND = YES;
				ENABLE_TESTABILITY = YES;
				GCC_C_LANGUAGE_STANDARD = gnu11;
				GCC_DYNAMIC_NO_PIC = NO;
				GCC_NO_COMMON_BLOCKS = YES;
				GCC_OPTIMIZATION_LEVEL = 0;
				GCC_PREPROCESSOR_DEFINITIONS = (
					"DEBUG=1",
					"$(inherited)",
				);
				GCC_WARN_64_TO_32_BIT_CONVERSION = YES;
				GCC_WARN_ABOUT_RETURN_TYPE = YES_ERROR;
				GCC_WARN_UNDECLARED_SELECTOR = YES;
				GCC_WARN_UNINITIALIZED_AUTOS = YES_AGGRESSIVE;
				GCC_WARN_UNUSED_FUNCTION = YES;
				GCC_WARN_UNUSED_VARIABLE = YES;
				IPHONEOS_DEPLOYMENT_TARGET = 13.0;
				MTL_ENABLE_DEBUG_INFO = INCLUDE_SOURCE;
				MTL_FAST_MATH = YES;
				ONLY_ACTIVE_ARCH = YES;
				SDKROOT = iphoneos;
				SWIFT_ACTIVE_COMPILATION_CONDITIONS = DEBUG;
				SWIFT_OPTIMIZATION_LEVEL = "-Onone";
			};
			name = Debug;
		};
		D05FB6762341575700B23C75 /* Release */ = {
			isa = XCBuildConfiguration;
			buildSettings = {
				ALWAYS_SEARCH_USER_PATHS = NO;
				CLANG_ANALYZER_NONNULL = YES;
				CLANG_ANALYZER_NUMBER_OBJECT_CONVERSION = YES_AGGRESSIVE;
				CLANG_CXX_LANGUAGE_STANDARD = "gnu++14";
				CLANG_CXX_LIBRARY = "libc++";
				CLANG_ENABLE_MODULES = YES;
				CLANG_ENABLE_OBJC_ARC = YES;
				CLANG_ENABLE_OBJC_WEAK = YES;
				CLANG_WARN_BLOCK_CAPTURE_AUTORELEASING = YES;
				CLANG_WARN_BOOL_CONVERSION = YES;
				CLANG_WARN_COMMA = YES;
				CLANG_WARN_CONSTANT_CONVERSION = YES;
				CLANG_WARN_DEPRECATED_OBJC_IMPLEMENTATIONS = YES;
				CLANG_WARN_DIRECT_OBJC_ISA_USAGE = YES_ERROR;
				CLANG_WARN_DOCUMENTATION_COMMENTS = YES;
				CLANG_WARN_EMPTY_BODY = YES;
				CLANG_WARN_ENUM_CONVERSION = YES;
				CLANG_WARN_INFINITE_RECURSION = YES;
				CLANG_WARN_INT_CONVERSION = YES;
				CLANG_WARN_NON_LITERAL_NULL_CONVERSION = YES;
				CLANG_WARN_OBJC_IMPLICIT_RETAIN_SELF = YES;
				CLANG_WARN_OBJC_LITERAL_CONVERSION = YES;
				CLANG_WARN_OBJC_ROOT_CLASS = YES_ERROR;
				CLANG_WARN_RANGE_LOOP_ANALYSIS = YES;
				CLANG_WARN_STRICT_PROTOTYPES = YES;
				CLANG_WARN_SUSPICIOUS_MOVE = YES;
				CLANG_WARN_UNGUARDED_AVAILABILITY = YES_AGGRESSIVE;
				CLANG_WARN_UNREACHABLE_CODE = YES;
				CLANG_WARN__DUPLICATE_METHOD_MATCH = YES;
				COPY_PHASE_STRIP = NO;
				DEBUG_INFORMATION_FORMAT = "dwarf-with-dsym";
				ENABLE_NS_ASSERTIONS = NO;
				ENABLE_STRICT_OBJC_MSGSEND = YES;
				GCC_C_LANGUAGE_STANDARD = gnu11;
				GCC_NO_COMMON_BLOCKS = YES;
				GCC_WARN_64_TO_32_BIT_CONVERSION = YES;
				GCC_WARN_ABOUT_RETURN_TYPE = YES_ERROR;
				GCC_WARN_UNDECLARED_SELECTOR = YES;
				GCC_WARN_UNINITIALIZED_AUTOS = YES_AGGRESSIVE;
				GCC_WARN_UNUSED_FUNCTION = YES;
				GCC_WARN_UNUSED_VARIABLE = YES;
				IPHONEOS_DEPLOYMENT_TARGET = 13.0;
				MTL_ENABLE_DEBUG_INFO = NO;
				MTL_FAST_MATH = YES;
				SDKROOT = iphoneos;
				SWIFT_COMPILATION_MODE = wholemodule;
				SWIFT_OPTIMIZATION_LEVEL = "-O";
				VALIDATE_PRODUCT = YES;
			};
			name = Release;
		};
		D05FB6782341575700B23C75 /* Debug */ = {
			isa = XCBuildConfiguration;
			buildSettings = {
				ASSETCATALOG_COMPILER_APPICON_NAME = AppIcon;
				CODE_SIGN_STYLE = Automatic;
				DEVELOPMENT_ASSET_PATHS = "\"Landmarks/Preview Content\"";
				DEVELOPMENT_TEAM = 6257XTCRBF;
				ENABLE_PREVIEWS = YES;
				INFOPLIST_FILE = Landmarks/Info.plist;
				LD_RUNPATH_SEARCH_PATHS = (
					"$(inherited)",
					"@executable_path/Frameworks",
				);
				PRODUCT_BUNDLE_IDENTIFIER = com.AlphonsoSensleyII.Landmarks;
				PRODUCT_NAME = "$(TARGET_NAME)";
				SWIFT_VERSION = 5.0;
				TARGETED_DEVICE_FAMILY = "1,2";
			};
			name = Debug;
		};
		D05FB6792341575700B23C75 /* Release */ = {
			isa = XCBuildConfiguration;
			buildSettings = {
				ASSETCATALOG_COMPILER_APPICON_NAME = AppIcon;
				CODE_SIGN_STYLE = Automatic;
				DEVELOPMENT_ASSET_PATHS = "\"Landmarks/Preview Content\"";
				DEVELOPMENT_TEAM = 6257XTCRBF;
				ENABLE_PREVIEWS = YES;
				INFOPLIST_FILE = Landmarks/Info.plist;
				LD_RUNPATH_SEARCH_PATHS = (
					"$(inherited)",
					"@executable_path/Frameworks",
				);
				PRODUCT_BUNDLE_IDENTIFIER = com.AlphonsoSensleyII.Landmarks;
				PRODUCT_NAME = "$(TARGET_NAME)";
				SWIFT_VERSION = 5.0;
				TARGETED_DEVICE_FAMILY = "1,2";
			};
			name = Release;
		};
/* End XCBuildConfiguration section */

/* Begin XCConfigurationList section */
		D05FB65E2341574F00B23C75 /* Build configuration list for PBXProject "Landmarks" */ = {
			isa = XCConfigurationList;
			buildConfigurations = (
				D05FB6752341575700B23C75 /* Debug */,
				D05FB6762341575700B23C75 /* Release */,
			);
			defaultConfigurationIsVisible = 0;
			defaultConfigurationName = Release;
		};
		D05FB6772341575700B23C75 /* Build configuration list for PBXNativeTarget "Landmarks" */ = {
			isa = XCConfigurationList;
			buildConfigurations = (
				D05FB6782341575700B23C75 /* Debug */,
				D05FB6792341575700B23C75 /* Release */,
			);
			defaultConfigurationIsVisible = 0;
			defaultConfigurationName = Release;
		};
/* End XCConfigurationList section */
	};
	rootObject = D05FB65B2341574F00B23C75 /* Project object */;
}
